
Microsoft Visual Studio Solution File, Format Version 12.00
# Visual Studio Version 16
VisualStudioVersion = 16.0.30413.136
MinimumVisualStudioVersion = 10.0.40219.1
Project("{FAE04EC0-301F-11D3-BF4B-00C04F79EFBC}") = "Hello RIT.UWP", "Hello RIT\Hello RIT.UWP\Hello RIT.UWP.csproj", "{E014620B-B817-476D-AF17-09642AE63DB8}"
EndProject
Project("{FAE04EC0-301F-11D3-BF4B-00C04F79EFBC}") = "Hello RIT.Android", "Hello RIT\Hello RIT.Android\Hello RIT.Android.csproj", "{BD71F006-D223-4915-B016-00F320C0373B}"
EndProject
Project("{FAE04EC0-301F-11D3-BF4B-00C04F79EFBC}") = "Hello RIT.iOS", "Hello RIT\Hello RIT.iOS\Hello RIT.iOS.csproj", "{080ECE39-A36C-4621-BD2C-235B4C0FE6AF}"
EndProject
Project("{FAE04EC0-301F-11D3-BF4B-00C04F79EFBC}") = "Hello RIT", "Hello RIT\Hello RIT\Hello RIT.csproj", "{6B326A62-7A00-4DDF-A9F7-70B2DFB52B3F}"
EndProject
Global
	GlobalSection(SolutionConfigurationPlatforms) = preSolution
		Debug|Any CPU = Debug|Any CPU
		Debug|ARM = Debug|ARM
		Debug|iPhone = Debug|iPhone
		Debug|iPhoneSimulator = Debug|iPhoneSimulator
		Debug|x64 = Debug|x64
		Debug|x86 = Debug|x86
		Release|Any CPU = Release|Any CPU
		Release|ARM = Release|ARM
		Release|iPhone = Release|iPhone
		Release|iPhoneSimulator = Release|iPhoneSimulator
		Release|x64 = Release|x64
		Release|x86 = Release|x86
	EndGlobalSection
	GlobalSection(ProjectConfigurationPlatforms) = postSolution
		{E014620B-B817-476D-AF17-09642AE63DB8}.Debug|Any CPU.ActiveCfg = Debug|x86
		{E014620B-B817-476D-AF17-09642AE63DB8}.Debug|Any CPU.Build.0 = Debug|x86
		{E014620B-B817-476D-AF17-09642AE63DB8}.Debug|Any CPU.Deploy.0 = Debug|x86
		{E014620B-B817-476D-AF17-09642AE63DB8}.Debug|ARM.ActiveCfg = Debug|ARM
		{E014620B-B817-476D-AF17-09642AE63DB8}.Debug|ARM.Build.0 = Debug|ARM
		{E014620B-B817-476D-AF17-09642AE63DB8}.Debug|ARM.Deploy.0 = Debug|ARM
		{E014620B-B817-476D-AF17-09642AE63DB8}.Debug|iPhone.ActiveCfg = Debug|x86
		{E014620B-B817-476D-AF17-09642AE63DB8}.Debug|iPhone.Build.0 = Debug|x86
		{E014620B-B817-476D-AF17-09642AE63DB8}.Debug|iPhone.Deploy.0 = Debug|x86
		{E014620B-B817-476D-AF17-09642AE63DB8}.Debug|iPhoneSimulator.ActiveCfg = Debug|x86
		{E014620B-B817-476D-AF17-09642AE63DB8}.Debug|iPhoneSimulator.Build.0 = Debug|x86
		{E014620B-B817-476D-AF17-09642AE63DB8}.Debug|iPhoneSimulator.Deploy.0 = Debug|x86
		{E014620B-B817-476D-AF17-09642AE63DB8}.Debug|x64.ActiveCfg = Debug|x64
		{E014620B-B817-476D-AF17-09642AE63DB8}.Debug|x64.Build.0 = Debug|x64
		{E014620B-B817-476D-AF17-09642AE63DB8}.Debug|x64.Deploy.0 = Debug|x64
		{E014620B-B817-476D-AF17-09642AE63DB8}.Debug|x86.ActiveCfg = Debug|x86
		{E014620B-B817-476D-AF17-09642AE63DB8}.Debug|x86.Build.0 = Debug|x86
		{E014620B-B817-476D-AF17-09642AE63DB8}.Debug|x86.Deploy.0 = Debug|x86
		{E014620B-B817-476D-AF17-09642AE63DB8}.Release|Any CPU.ActiveCfg = Release|x86
		{E014620B-B817-476D-AF17-09642AE63DB8}.Release|Any CPU.Build.0 = Release|x86
		{E014620B-B817-476D-AF17-09642AE63DB8}.Release|Any CPU.Deploy.0 = Release|x86
		{E014620B-B817-476D-AF17-09642AE63DB8}.Release|ARM.ActiveCfg = Release|ARM
		{E014620B-B817-476D-AF17-09642AE63DB8}.Release|ARM.Build.0 = Release|ARM
		{E014620B-B817-476D-AF17-09642AE63DB8}.Release|ARM.Deploy.0 = Release|ARM
		{E014620B-B817-476D-AF17-09642AE63DB8}.Release|iPhone.ActiveCfg = Release|x86
		{E014620B-B817-476D-AF17-09642AE63DB8}.Release|iPhone.Build.0 = Release|x86
		{E014620B-B817-476D-AF17-09642AE63DB8}.Release|iPhone.Deploy.0 = Release|x86
		{E014620B-B817-476D-AF17-09642AE63DB8}.Release|iPhoneSimulator.ActiveCfg = Release|x86
		{E014620B-B817-476D-AF17-09642AE63DB8}.Release|iPhoneSimulator.Build.0 = Release|x86
		{E014620B-B817-476D-AF17-09642AE63DB8}.Release|iPhoneSimulator.Deploy.0 = Release|x86
		{E014620B-B817-476D-AF17-09642AE63DB8}.Release|x64.ActiveCfg = Release|x64
		{E014620B-B817-476D-AF17-09642AE63DB8}.Release|x64.Build.0 = Release|x64
		{E014620B-B817-476D-AF17-09642AE63DB8}.Release|x64.Deploy.0 = Release|x64
		{E014620B-B817-476D-AF17-09642AE63DB8}.Release|x86.ActiveCfg = Release|x86
		{E014620B-B817-476D-AF17-09642AE63DB8}.Release|x86.Build.0 = Release|x86
		{E014620B-B817-476D-AF17-09642AE63DB8}.Release|x86.Deploy.0 = Release|x86
		{BD71F006-D223-4915-B016-00F320C0373B}.Debug|Any CPU.ActiveCfg = Debug|Any CPU
		{BD71F006-D223-4915-B016-00F320C0373B}.Debug|Any CPU.Build.0 = Debug|Any CPU
		{BD71F006-D223-4915-B016-00F320C0373B}.Debug|Any CPU.Deploy.0 = Debug|Any CPU
		{BD71F006-D223-4915-B016-00F320C0373B}.Debug|ARM.ActiveCfg = Debug|Any CPU
		{BD71F006-D223-4915-B016-00F320C0373B}.Debug|ARM.Build.0 = Debug|Any CPU
		{BD71F006-D223-4915-B016-00F320C0373B}.Debug|ARM.Deploy.0 = Debug|Any CPU
		{BD71F006-D223-4915-B016-00F320C0373B}.Debug|iPhone.ActiveCfg = Debug|Any CPU
		{BD71F006-D223-4915-B016-00F320C0373B}.Debug|iPhone.Build.0 = Debug|Any CPU
		{BD71F006-D223-4915-B016-00F320C0373B}.Debug|iPhone.Deploy.0 = Debug|Any CPU
		{BD71F006-D223-4915-B016-00F320C0373B}.Debug|iPhoneSimulator.ActiveCfg = Debug|Any CPU
		{BD71F006-D223-4915-B016-00F320C0373B}.Debug|iPhoneSimulator.Build.0 = Debug|Any CPU
		{BD71F006-D223-4915-B016-00F320C0373B}.Debug|iPhoneSimulator.Deploy.0 = Debug|Any CPU
		{BD71F006-D223-4915-B016-00F320C0373B}.Debug|x64.ActiveCfg = Debug|Any CPU
		{BD71F006-D223-4915-B016-00F320C0373B}.Debug|x64.Build.0 = Debug|Any CPU
		{BD71F006-D223-4915-B016-00F320C0373B}.Debug|x64.Deploy.0 = Debug|Any CPU
		{BD71F006-D223-4915-B016-00F320C0373B}.Debug|x86.ActiveCfg = Debug|Any CPU
		{BD71F006-D223-4915-B016-00F320C0373B}.Debug|x86.Build.0 = Debug|Any CPU
		{BD71F006-D223-4915-B016-00F320C0373B}.Debug|x86.Deploy.0 = Debug|Any CPU
		{BD71F006-D223-4915-B016-00F320C0373B}.Release|Any CPU.ActiveCfg = Release|Any CPU
		{BD71F006-D223-4915-B016-00F320C0373B}.Release|Any CPU.Build.0 = Release|Any CPU
		{BD71F006-D223-4915-B016-00F320C0373B}.Release|Any CPU.Deploy.0 = Release|Any CPU
		{BD71F006-D223-4915-B016-00F320C0373B}.Release|ARM.ActiveCfg = Release|Any CPU
		{BD71F006-D223-4915-B016-00F320C0373B}.Release|ARM.Build.0 = Release|Any CPU
		{BD71F006-D223-4915-B016-00F320C0373B}.Release|ARM.Deploy.0 = Release|Any CPU
		{BD71F006-D223-4915-B016-00F320C0373B}.Release|iPhone.ActiveCfg = Release|Any CPU
		{BD71F006-D223-4915-B016-00F320C0373B}.Release|iPhone.Build.0 = Release|Any CPU
		{BD71F006-D223-4915-B016-00F320C0373B}.Release|iPhone.Deploy.0 = Release|Any CPU
		{BD71F006-D223-4915-B016-00F320C0373B}.Release|iPhoneSimulator.ActiveCfg = Release|Any CPU
		{BD71F006-D223-4915-B016-00F320C0373B}.Release|iPhoneSimulator.Build.0 = Release|Any CPU
		{BD71F006-D223-4915-B016-00F320C0373B}.Release|iPhoneSimulator.Deploy.0 = Release|Any CPU
		{BD71F006-D223-4915-B016-00F320C0373B}.Release|x64.ActiveCfg = Release|Any CPU
		{BD71F006-D223-4915-B016-00F320C0373B}.Release|x64.Build.0 = Release|Any CPU
		{BD71F006-D223-4915-B016-00F320C0373B}.Release|x64.Deploy.0 = Release|Any CPU
		{BD71F006-D223-4915-B016-00F320C0373B}.Release|x86.ActiveCfg = Release|Any CPU
		{BD71F006-D223-4915-B016-00F320C0373B}.Release|x86.Build.0 = Release|Any CPU
		{BD71F006-D223-4915-B016-00F320C0373B}.Release|x86.Deploy.0 = Release|Any CPU
		{080ECE39-A36C-4621-BD2C-235B4C0FE6AF}.Debug|Any CPU.ActiveCfg = Debug|iPhone
		{080ECE39-A36C-4621-BD2C-235B4C0FE6AF}.Debug|Any CPU.Build.0 = Debug|iPhone
		{080ECE39-A36C-4621-BD2C-235B4C0FE6AF}.Debug|Any CPU.Deploy.0 = Debug|iPhone
		{080ECE39-A36C-4621-BD2C-235B4C0FE6AF}.Debug|ARM.ActiveCfg = Debug|iPhone
		{080ECE39-A36C-4621-BD2C-235B4C0FE6AF}.Debug|ARM.Build.0 = Debug|iPhone
		{080ECE39-A36C-4621-BD2C-235B4C0FE6AF}.Debug|ARM.Deploy.0 = Debug|iPhone
		{080ECE39-A36C-4621-BD2C-235B4C0FE6AF}.Debug|iPhone.ActiveCfg = Debug|iPhone
		{080ECE39-A36C-4621-BD2C-235B4C0FE6AF}.Debug|iPhone.Build.0 = Debug|iPhone
		{080ECE39-A36C-4621-BD2C-235B4C0FE6AF}.Debug|iPhone.Deploy.0 = Debug|iPhone
		{080ECE39-A36C-4621-BD2C-235B4C0FE6AF}.Debug|iPhoneSimulator.ActiveCfg = Debug|iPhoneSimulator
		{080ECE39-A36C-4621-BD2C-235B4C0FE6AF}.Debug|iPhoneSimulator.Build.0 = Debug|iPhoneSimulator
		{080ECE39-A36C-4621-BD2C-235B4C0FE6AF}.Debug|iPhoneSimulator.Deploy.0 = Debug|iPhoneSimulator
		{080ECE39-A36C-4621-BD2C-235B4C0FE6AF}.Debug|x64.ActiveCfg = Debug|iPhone
		{080ECE39-A36C-4621-BD2C-235B4C0FE6AF}.Debug|x64.Build.0 = Debug|iPhone
		{080ECE39-A36C-4621-BD2C-235B4C0FE6AF}.Debug|x64.Deploy.0 = Debug|iPhone
		{080ECE39-A36C-4621-BD2C-235B4C0FE6AF}.Debug|x86.ActiveCfg = Debug|iPhone
		{080ECE39-A36C-4621-BD2C-235B4C0FE6AF}.Debug|x86.Build.0 = Debug|iPhone
		{080ECE39-A36C-4621-BD2C-235B4C0FE6AF}.Debug|x86.Deploy.0 = Debug|iPhone
		{080ECE39-A36C-4621-BD2C-235B4C0FE6AF}.Release|Any CPU.ActiveCfg = Release|iPhone
		{080ECE39-A36C-4621-BD2C-235B4C0FE6AF}.Release|Any CPU.Build.0 = Release|iPhone
		{080ECE39-A36C-4621-BD2C-235B4C0FE6AF}.Release|Any CPU.Deploy.0 = Release|iPhone
		{080ECE39-A36C-4621-BD2C-235B4C0FE6AF}.Release|ARM.ActiveCfg = Release|iPhone
		{080ECE39-A36C-4621-BD2C-235B4C0FE6AF}.Release|ARM.Build.0 = Release|iPhone
		{080ECE39-A36C-4621-BD2C-235B4C0FE6AF}.Release|ARM.Deploy.0 = Release|iPhone
		{080ECE39-A36C-4621-BD2C-235B4C0FE6AF}.Release|iPhone.ActiveCfg = Release|iPhone
		{080ECE39-A36C-4621-BD2C-235B4C0FE6AF}.Release|iPhone.Build.0 = Release|iPhone
		{080ECE39-A36C-4621-BD2C-235B4C0FE6AF}.Release|iPhone.Deploy.0 = Release|iPhone
		{080ECE39-A36C-4621-BD2C-235B4C0FE6AF}.Release|iPhoneSimulator.ActiveCfg = Release|iPhoneSimulator
		{080ECE39-A36C-4621-BD2C-235B4C0FE6AF}.Release|iPhoneSimulator.Build.0 = Release|iPhoneSimulator
		{080ECE39-A36C-4621-BD2C-235B4C0FE6AF}.Release|iPhoneSimulator.Deploy.0 = Release|iPhoneSimulator
		{080ECE39-A36C-4621-BD2C-235B4C0FE6AF}.Release|x64.ActiveCfg = Release|iPhone
		{080ECE39-A36C-4621-BD2C-235B4C0FE6AF}.Release|x64.Build.0 = Release|iPhone
		{080ECE39-A36C-4621-BD2C-235B4C0FE6AF}.Release|x64.Deploy.0 = Release|iPhone
		{080ECE39-A36C-4621-BD2C-235B4C0FE6AF}.Release|x86.ActiveCfg = Release|iPhone
		{080ECE39-A36C-4621-BD2C-235B4C0FE6AF}.Release|x86.Build.0 = Release|iPhone
		{080ECE39-A36C-4621-BD2C-235B4C0FE6AF}.Release|x86.Deploy.0 = Release|iPhone
		{6B326A62-7A00-4DDF-A9F7-70B2DFB52B3F}.Debug|Any CPU.ActiveCfg = Debug|Any CPU
		{6B326A62-7A00-4DDF-A9F7-70B2DFB52B3F}.Debug|Any CPU.Build.0 = Debug|Any CPU
		{6B326A62-7A00-4DDF-A9F7-70B2DFB52B3F}.Debug|Any CPU.Deploy.0 = Debug|Any CPU
		{6B326A62-7A00-4DDF-A9F7-70B2DFB52B3F}.Debug|ARM.ActiveCfg = Debug|Any CPU
		{6B326A62-7A00-4DDF-A9F7-70B2DFB52B3F}.Debug|ARM.Build.0 = Debug|Any CPU
		{6B326A62-7A00-4DDF-A9F7-70B2DFB52B3F}.Debug|ARM.Deploy.0 = Debug|Any CPU
		{6B326A62-7A00-4DDF-A9F7-70B2DFB52B3F}.Debug|iPhone.ActiveCfg = Debug|Any CPU
		{6B326A62-7A00-4DDF-A9F7-70B2DFB52B3F}.Debug|iPhone.Build.0 = Debug|Any CPU
		{6B326A62-7A00-4DDF-A9F7-70B2DFB52B3F}.Debug|iPhone.Deploy.0 = Debug|Any CPU
		{6B326A62-7A00-4DDF-A9F7-70B2DFB52B3F}.Debug|iPhoneSimulator.ActiveCfg = Debug|Any CPU
		{6B326A62-7A00-4DDF-A9F7-70B2DFB52B3F}.Debug|iPhoneSimulator.Build.0 = Debug|Any CPU
		{6B326A62-7A00-4DDF-A9F7-70B2DFB52B3F}.Debug|iPhoneSimulator.Deploy.0 = Debug|Any CPU
		{6B326A62-7A00-4DDF-A9F7-70B2DFB52B3F}.Debug|x64.ActiveCfg = Debug|Any CPU
		{6B326A62-7A00-4DDF-A9F7-70B2DFB52B3F}.Debug|x64.Build.0 = Debug|Any CPU
		{6B326A62-7A00-4DDF-A9F7-70B2DFB52B3F}.Debug|x64.Deploy.0 = Debug|Any CPU
		{6B326A62-7A00-4DDF-A9F7-70B2DFB52B3F}.Debug|x86.ActiveCfg = Debug|Any CPU
		{6B326A62-7A00-4DDF-A9F7-70B2DFB52B3F}.Debug|x86.Build.0 = Debug|Any CPU
		{6B326A62-7A00-4DDF-A9F7-70B2DFB52B3F}.Debug|x86.Deploy.0 = Debug|Any CPU
		{6B326A62-7A00-4DDF-A9F7-70B2DFB52B3F}.Release|Any CPU.ActiveCfg = Release|Any CPU
		{6B326A62-7A00-4DDF-A9F7-70B2DFB52B3F}.Release|Any CPU.Build.0 = Release|Any CPU
		{6B326A62-7A00-4DDF-A9F7-70B2DFB52B3F}.Release|Any CPU.Deploy.0 = Release|Any CPU
		{6B326A62-7A00-4DDF-A9F7-70B2DFB52B3F}.Release|ARM.ActiveCfg = Release|Any CPU
		{6B326A62-7A00-4DDF-A9F7-70B2DFB52B3F}.Release|ARM.Build.0 = Release|Any CPU
		{6B326A62-7A00-4DDF-A9F7-70B2DFB52B3F}.Release|ARM.Deploy.0 = Release|Any CPU
		{6B326A62-7A00-4DDF-A9F7-70B2DFB52B3F}.Release|iPhone.ActiveCfg = Release|Any CPU
		{6B326A62-7A00-4DDF-A9F7-70B2DFB52B3F}.Release|iPhone.Build.0 = Release|Any CPU
		{6B326A62-7A00-4DDF-A9F7-70B2DFB52B3F}.Release|iPhone.Deploy.0 = Release|Any CPU
		{6B326A62-7A00-4DDF-A9F7-70B2DFB52B3F}.Release|iPhoneSimulator.ActiveCfg = Release|Any CPU
		{6B326A62-7A00-4DDF-A9F7-70B2DFB52B3F}.Release|iPhoneSimulator.Build.0 = Release|Any CPU
		{6B326A62-7A00-4DDF-A9F7-70B2DFB52B3F}.Release|iPhoneSimulator.Deploy.0 = Release|Any CPU
		{6B326A62-7A00-4DDF-A9F7-70B2DFB52B3F}.Release|x64.ActiveCfg = Release|Any CPU
		{6B326A62-7A00-4DDF-A9F7-70B2DFB52B3F}.Release|x64.Build.0 = Release|Any CPU
		{6B326A62-7A00-4DDF-A9F7-70B2DFB52B3F}.Release|x64.Deploy.0 = Release|Any CPU
		{6B326A62-7A00-4DDF-A9F7-70B2DFB52B3F}.Release|x86.ActiveCfg = Release|Any CPU
		{6B326A62-7A00-4DDF-A9F7-70B2DFB52B3F}.Release|x86.Build.0 = Release|Any CPU
		{6B326A62-7A00-4DDF-A9F7-70B2DFB52B3F}.Release|x86.Deploy.0 = Release|Any CPU
	EndGlobalSection
	GlobalSection(SolutionProperties) = preSolution
		HideSolutionNode = FALSE
	EndGlobalSection
	GlobalSection(ExtensibilityGlobals) = postSolution
		SolutionGuid = {1D813AEB-86C8-4359-AF83-8ABA5A79BFDB}
	EndGlobalSection
EndGlobal
